
Microsoft Visual Studio Solution File, Format Version 12.00
# Visual Studio 2012
Project("{D954291E-2A0B-460D-934E-DC6B0785DB48}") = "ARM64BugLook", "ARM64BugLook\ARM64BugLook.shproj", "{D63CAA02-F9FC-453E-AB95-C422795D2CBE}"
EndProject
Project("{FAE04EC0-301F-11D3-BF4B-00C04F79EFBC}") = "ARM64BugLook.iOS", "iOS\ARM64BugLook.iOS.csproj", "{5A9EAF97-C0DB-464E-8652-FB830578B2F3}"
EndProject
Project("{FAE04EC0-301F-11D3-BF4B-00C04F79EFBC}") = "ARM64BugLook.Droid", "Droid\ARM64BugLook.Droid.csproj", "{C0425CF5-7A7C-4CCC-88EA-37688F0D5DB1}"
EndProject
Global
	GlobalSection(SolutionConfigurationPlatforms) = preSolution
		Debug|iPhoneSimulator = Debug|iPhoneSimulator
		Release|iPhone = Release|iPhone
		Release|iPhoneSimulator = Release|iPhoneSimulator
		Debug|iPhone = Debug|iPhone
		Debug|Any CPU = Debug|Any CPU
		Release|Any CPU = Release|Any CPU
	EndGlobalSection
	GlobalSection(ProjectConfigurationPlatforms) = postSolution
		{5A9EAF97-C0DB-464E-8652-FB830578B2F3}.Debug|Any CPU.ActiveCfg = Debug|iPhoneSimulator
		{5A9EAF97-C0DB-464E-8652-FB830578B2F3}.Debug|Any CPU.Build.0 = Debug|iPhoneSimulator
		{5A9EAF97-C0DB-464E-8652-FB830578B2F3}.Debug|iPhone.ActiveCfg = Debug|iPhone
		{5A9EAF97-C0DB-464E-8652-FB830578B2F3}.Debug|iPhone.Build.0 = Debug|iPhone
		{5A9EAF97-C0DB-464E-8652-FB830578B2F3}.Debug|iPhoneSimulator.ActiveCfg = Debug|iPhoneSimulator
		{5A9EAF97-C0DB-464E-8652-FB830578B2F3}.Debug|iPhoneSimulator.Build.0 = Debug|iPhoneSimulator
		{5A9EAF97-C0DB-464E-8652-FB830578B2F3}.Release|Any CPU.ActiveCfg = Release|iPhone
		{5A9EAF97-C0DB-464E-8652-FB830578B2F3}.Release|Any CPU.Build.0 = Release|iPhone
		{5A9EAF97-C0DB-464E-8652-FB830578B2F3}.Release|iPhone.ActiveCfg = Release|iPhone
		{5A9EAF97-C0DB-464E-8652-FB830578B2F3}.Release|iPhone.Build.0 = Release|iPhone
		{5A9EAF97-C0DB-464E-8652-FB830578B2F3}.Release|iPhoneSimulator.ActiveCfg = Release|iPhoneSimulator
		{5A9EAF97-C0DB-464E-8652-FB830578B2F3}.Release|iPhoneSimulator.Build.0 = Release|iPhoneSimulator
		{C0425CF5-7A7C-4CCC-88EA-37688F0D5DB1}.Debug|Any CPU.ActiveCfg = Debug|Any CPU
		{C0425CF5-7A7C-4CCC-88EA-37688F0D5DB1}.Debug|Any CPU.Build.0 = Debug|Any CPU
		{C0425CF5-7A7C-4CCC-88EA-37688F0D5DB1}.Debug|iPhone.ActiveCfg = Debug|Any CPU
		{C0425CF5-7A7C-4CCC-88EA-37688F0D5DB1}.Debug|iPhone.Build.0 = Debug|Any CPU
		{C0425CF5-7A7C-4CCC-88EA-37688F0D5DB1}.Debug|iPhoneSimulator.ActiveCfg = Debug|Any CPU
		{C0425CF5-7A7C-4CCC-88EA-37688F0D5DB1}.Debug|iPhoneSimulator.Build.0 = Debug|Any CPU
		{C0425CF5-7A7C-4CCC-88EA-37688F0D5DB1}.Release|Any CPU.ActiveCfg = Release|Any CPU
		{C0425CF5-7A7C-4CCC-88EA-37688F0D5DB1}.Release|Any CPU.Build.0 = Release|Any CPU
		{C0425CF5-7A7C-4CCC-88EA-37688F0D5DB1}.Release|iPhone.ActiveCfg = Release|Any CPU
		{C0425CF5-7A7C-4CCC-88EA-37688F0D5DB1}.Release|iPhone.Build.0 = Release|Any CPU
		{C0425CF5-7A7C-4CCC-88EA-37688F0D5DB1}.Release|iPhoneSimulator.ActiveCfg = Release|Any CPU
		{C0425CF5-7A7C-4CCC-88EA-37688F0D5DB1}.Release|iPhoneSimulator.Build.0 = Release|Any CPU
	EndGlobalSection
EndGlobal
